<?xml version="1.0" encoding="utf-8"?>
<Project ToolsVersion="4.0" xmlns="http://schemas.microsoft.com/developer/msbuild/2003">
  <ItemGroup>
    <Filter Include="Programmers">
      <UniqueIdentifier>{ec204d79-d4d9-446a-86cc-86aa986db2e7}</UniqueIdentifier>
    </Filter>
  </ItemGroup>
  <ItemGroup>
    <ClCompile Include="..\CPP_CodingTest\mazewithstr.cpp">
      <Filter>Programmers</Filter>
    </ClCompile>
    <ClCompile Include="trackaAbnormal.cpp">
      <Filter>Programmers</Filter>
    </ClCompile>
    <ClCompile Include="cardgame.cpp">
      <Filter>Programmers</Filter>
    </ClCompile>
    <ClCompile Include="tekkon.cpp">
      <Filter>Programmers</Filter>
    </ClCompile>
    <ClCompile Include="11Practice.cpp">
      <Filter>Programmers</Filter>
    </ClCompile>
  </ItemGroup>
</Project>