<?xml version="1.0" encoding="utf-8"?>
<Project ToolsVersion="4.0" xmlns="http://schemas.microsoft.com/developer/msbuild/2003">
  <ItemGroup>
    <Filter Include="Programers">
      <UniqueIdentifier>{4FC737F1-C7A5-4376-A066-2A32D752A2FF}</UniqueIdentifier>
      <Extensions>cpp;c;cc;cxx;c++;cppm;ixx;def;odl;idl;hpj;bat;asm;asmx</Extensions>
    </Filter>
    <Filter Include="BackJoon">
      <UniqueIdentifier>{5c8a850c-a59a-43bb-a1ff-74eb03b259a7}</UniqueIdentifier>
    </Filter>
    <Filter Include="BackJoon\문자">
      <UniqueIdentifier>{db27bb12-d58f-40e9-89da-8c9aad26526c}</UniqueIdentifier>
    </Filter>
  </ItemGroup>
  <ItemGroup>
    <ClCompile Include="Report_SYS.cpp">
      <Filter>Programers</Filter>
    </ClCompile>
    <ClCompile Include="Problem.cpp">
      <Filter>BackJoon\문자</Filter>
    </ClCompile>
  </ItemGroup>
  <ItemGroup>
    <ClInclude Include="pch.h" />
  </ItemGroup>
</Project>